
Microsoft Visual Studio Solution File, Format Version 12.00
# Visual Studio Version 16
VisualStudioVersion = 16.0.36128.20
MinimumVisualStudioVersion = 10.0.40219.1
Project("{FAE04EC0-301F-11D3-BF4B-00C04F79EFBC}") = "Day2CSharp", "Day2CSharp\Day2CSharp.csproj", "{28252810-7B5F-4364-9AFC-B41BBE402DDE}"
EndProject
Global
	GlobalSection(SolutionConfigurationPlatforms) = preSolution
		Debug|Any CPU = Debug|Any CPU
		Release|Any CPU = Release|Any CPU
	EndGlobalSection
	GlobalSection(ProjectConfigurationPlatforms) = postSolution
		{28252810-7B5F-4364-9AFC-B41BBE402DDE}.Debug|Any CPU.ActiveCfg = Debug|Any CPU
		{28252810-7B5F-4364-9AFC-B41BBE402DDE}.Debug|Any CPU.Build.0 = Debug|Any CPU
		{28252810-7B5F-4364-9AFC-B41BBE402DDE}.Release|Any CPU.ActiveCfg = Release|Any CPU
		{28252810-7B5F-4364-9AFC-B41BBE402DDE}.Release|Any CPU.Build.0 = Release|Any CPU
	EndGlobalSection
	GlobalSection(SolutionProperties) = preSolution
		HideSolutionNode = FALSE
	EndGlobalSection
	GlobalSection(ExtensibilityGlobals) = postSolution
		SolutionGuid = {7A019B87-73EE-480C-9C2B-6847D2F24DD8}
	EndGlobalSection
EndGlobal
