
Microsoft Visual Studio Solution File, Format Version 12.00
# Visual Studio Version 16
VisualStudioVersion = 16.0.36128.20
MinimumVisualStudioVersion = 10.0.40219.1
Project("{FAE04EC0-301F-11D3-BF4B-00C04F79EFBC}") = "MiniProject", "MiniProject\MiniProject.csproj", "{0EE05056-E959-4B7A-9982-C5514D2C05E9}"
EndProject
Project("{FAE04EC0-301F-11D3-BF4B-00C04F79EFBC}") = "UnitTesting", "UnitTesting\UnitTesting.csproj", "{15DC82FC-96AD-4B4F-8EAB-58319C3BCEF8}"
EndProject
Global
	GlobalSection(SolutionConfigurationPlatforms) = preSolution
		Debug|Any CPU = Debug|Any CPU
		Release|Any CPU = Release|Any CPU
	EndGlobalSection
	GlobalSection(ProjectConfigurationPlatforms) = postSolution
		{0EE05056-E959-4B7A-9982-C5514D2C05E9}.Debug|Any CPU.ActiveCfg = Debug|Any CPU
		{0EE05056-E959-4B7A-9982-C5514D2C05E9}.Debug|Any CPU.Build.0 = Debug|Any CPU
		{0EE05056-E959-4B7A-9982-C5514D2C05E9}.Release|Any CPU.ActiveCfg = Release|Any CPU
		{0EE05056-E959-4B7A-9982-C5514D2C05E9}.Release|Any CPU.Build.0 = Release|Any CPU
		{15DC82FC-96AD-4B4F-8EAB-58319C3BCEF8}.Debug|Any CPU.ActiveCfg = Debug|Any CPU
		{15DC82FC-96AD-4B4F-8EAB-58319C3BCEF8}.Debug|Any CPU.Build.0 = Debug|Any CPU
		{15DC82FC-96AD-4B4F-8EAB-58319C3BCEF8}.Release|Any CPU.ActiveCfg = Release|Any CPU
		{15DC82FC-96AD-4B4F-8EAB-58319C3BCEF8}.Release|Any CPU.Build.0 = Release|Any CPU
	EndGlobalSection
	GlobalSection(SolutionProperties) = preSolution
		HideSolutionNode = FALSE
	EndGlobalSection
	GlobalSection(ExtensibilityGlobals) = postSolution
		SolutionGuid = {CCF5DFF8-7D09-4106-AC01-95E9E0D5A632}
	EndGlobalSection
EndGlobal
