
Microsoft Visual Studio Solution File, Format Version 12.00
# Visual Studio Version 16
VisualStudioVersion = 16.0.36128.20
MinimumVisualStudioVersion = 10.0.40219.1
Project("{FAE04EC0-301F-11D3-BF4B-00C04F79EFBC}") = "Assignment6", "Assignment6\Assignment6.csproj", "{FDC4A596-F147-46D5-BAE9-2BECFB136C10}"
EndProject
Global
	GlobalSection(SolutionConfigurationPlatforms) = preSolution
		Debug|Any CPU = Debug|Any CPU
		Release|Any CPU = Release|Any CPU
	EndGlobalSection
	GlobalSection(ProjectConfigurationPlatforms) = postSolution
		{FDC4A596-F147-46D5-BAE9-2BECFB136C10}.Debug|Any CPU.ActiveCfg = Debug|Any CPU
		{FDC4A596-F147-46D5-BAE9-2BECFB136C10}.Debug|Any CPU.Build.0 = Debug|Any CPU
		{FDC4A596-F147-46D5-BAE9-2BECFB136C10}.Release|Any CPU.ActiveCfg = Release|Any CPU
		{FDC4A596-F147-46D5-BAE9-2BECFB136C10}.Release|Any CPU.Build.0 = Release|Any CPU
	EndGlobalSection
	GlobalSection(SolutionProperties) = preSolution
		HideSolutionNode = FALSE
	EndGlobalSection
	GlobalSection(ExtensibilityGlobals) = postSolution
		SolutionGuid = {E09525EA-3EB6-4FED-89D2-4E41DB01274A}
	EndGlobalSection
EndGlobal
