
Microsoft Visual Studio Solution File, Format Version 12.00
# Visual Studio Version 16
VisualStudioVersion = 16.0.36128.20
MinimumVisualStudioVersion = 10.0.40219.1
Project("{FAE04EC0-301F-11D3-BF4B-00C04F79EFBC}") = "CC7", "CC7\CC7.csproj", "{A712227D-4469-4165-9163-98DE8FCE6806}"
EndProject
Global
	GlobalSection(SolutionConfigurationPlatforms) = preSolution
		Debug|Any CPU = Debug|Any CPU
		Release|Any CPU = Release|Any CPU
	EndGlobalSection
	GlobalSection(ProjectConfigurationPlatforms) = postSolution
		{A712227D-4469-4165-9163-98DE8FCE6806}.Debug|Any CPU.ActiveCfg = Debug|Any CPU
		{A712227D-4469-4165-9163-98DE8FCE6806}.Debug|Any CPU.Build.0 = Debug|Any CPU
		{A712227D-4469-4165-9163-98DE8FCE6806}.Release|Any CPU.ActiveCfg = Release|Any CPU
		{A712227D-4469-4165-9163-98DE8FCE6806}.Release|Any CPU.Build.0 = Release|Any CPU
	EndGlobalSection
	GlobalSection(SolutionProperties) = preSolution
		HideSolutionNode = FALSE
	EndGlobalSection
	GlobalSection(ExtensibilityGlobals) = postSolution
		SolutionGuid = {BF65041B-FDAC-4795-9924-CCF480F02E94}
	EndGlobalSection
EndGlobal
